
Microsoft Visual Studio Solution File, Format Version 12.00
# Visual Studio Version 17
VisualStudioVersion = 17.2.32616.157
MinimumVisualStudioVersion = 10.0.40219.1
Project("{FAE04EC0-301F-11D3-BF4B-00C04F79EFBC}") = "SampleWebApiAspNetCore", "SampleWebApiAspNetCore\SampleWebApiAspNetCore.csproj", "{36DF3175-0775-44CC-8708-5B67F2ED70FE}"
EndProject
Global
	GlobalSection(SolutionConfigurationPlatforms) = preSolution
		Debug|Any CPU = Debug|Any CPU
		Release|Any CPU = Release|Any CPU
	EndGlobalSection
	GlobalSection(ProjectConfigurationPlatforms) = postSolution
		{36DF3175-0775-44CC-8708-5B67F2ED70FE}.Debug|Any CPU.ActiveCfg = Debug|Any CPU
		{36DF3175-0775-44CC-8708-5B67F2ED70FE}.Debug|Any CPU.Build.0 = Debug|Any CPU
		{36DF3175-0775-44CC-8708-5B67F2ED70FE}.Release|Any CPU.ActiveCfg = Release|Any CPU
		{36DF3175-0775-44CC-8708-5B67F2ED70FE}.Release|Any CPU.Build.0 = Release|Any CPU
	EndGlobalSection
	GlobalSection(SolutionProperties) = preSolution
		HideSolutionNode = FALSE
	EndGlobalSection
	GlobalSection(ExtensibilityGlobals) = postSolution
		SolutionGuid = {FFE92053-3580-432E-981F-30657B3AF39A}
	EndGlobalSection
EndGlobal
