
Microsoft Visual Studio Solution File, Format Version 12.00
# Visual Studio Version 16
VisualStudioVersion = 16.0.29318.209
MinimumVisualStudioVersion = 10.0.40219.1
Project("{9A19103F-16F7-4668-BE54-9A1E7A4F7556}") = "SampleWebApiAspNetCore", "SampleWebApiAspNetCore\SampleWebApiAspNetCore.csproj", "{62E0EE7C-8CF6-4E04-B3A1-49A19DE3FC75}"
EndProject
Global
	GlobalSection(SolutionConfigurationPlatforms) = preSolution
		Debug|Any CPU = Debug|Any CPU
		Release|Any CPU = Release|Any CPU
	EndGlobalSection
	GlobalSection(ProjectConfigurationPlatforms) = postSolution
		{62E0EE7C-8CF6-4E04-B3A1-49A19DE3FC75}.Debug|Any CPU.ActiveCfg = Debug|Any CPU
		{62E0EE7C-8CF6-4E04-B3A1-49A19DE3FC75}.Debug|Any CPU.Build.0 = Debug|Any CPU
		{62E0EE7C-8CF6-4E04-B3A1-49A19DE3FC75}.Release|Any CPU.ActiveCfg = Release|Any CPU
		{62E0EE7C-8CF6-4E04-B3A1-49A19DE3FC75}.Release|Any CPU.Build.0 = Release|Any CPU
	EndGlobalSection
	GlobalSection(SolutionProperties) = preSolution
		HideSolutionNode = FALSE
	EndGlobalSection
	GlobalSection(ExtensibilityGlobals) = postSolution
		SolutionGuid = {34868541-E39B-446C-935B-C0F838B5DEC3}
	EndGlobalSection
EndGlobal
